
Microsoft Visual Studio Solution File, Format Version 12.00
# Visual Studio 14
VisualStudioVersion = 14.0.24720.0
MinimumVisualStudioVersion = 10.0.40219.1
Project("{FAE04EC0-301F-11D3-BF4B-00C04F79EFBC}") = "PerceptronSimple", "PerceptronSimple.csproj", "{EAD96E44-7418-4F1C-87CE-D50C1207FDA3}"
EndProject
Project("{FAE04EC0-301F-11D3-BF4B-00C04F79EFBC}") = "PerceptronMulticapa", "..\PerceptronMulticapa\PerceptronMulticapa.csproj", "{F6770751-57A5-4736-B514-B80CAA4AFB67}"
EndProject
Project("{FAE04EC0-301F-11D3-BF4B-00C04F79EFBC}") = "NerveCell", "NerveCell\NerveCell.csproj", "{457FCC15-CCED-41E3-921B-CD6B80093A90}"
EndProject
Global
	GlobalSection(SolutionConfigurationPlatforms) = preSolution
		Debug|Any CPU = Debug|Any CPU
		Release|Any CPU = Release|Any CPU
	EndGlobalSection
	GlobalSection(ProjectConfigurationPlatforms) = postSolution
		{EAD96E44-7418-4F1C-87CE-D50C1207FDA3}.Debug|Any CPU.ActiveCfg = Debug|Any CPU
		{EAD96E44-7418-4F1C-87CE-D50C1207FDA3}.Debug|Any CPU.Build.0 = Debug|Any CPU
		{EAD96E44-7418-4F1C-87CE-D50C1207FDA3}.Release|Any CPU.ActiveCfg = Release|Any CPU
		{EAD96E44-7418-4F1C-87CE-D50C1207FDA3}.Release|Any CPU.Build.0 = Release|Any CPU
		{F6770751-57A5-4736-B514-B80CAA4AFB67}.Debug|Any CPU.ActiveCfg = Debug|Any CPU
		{F6770751-57A5-4736-B514-B80CAA4AFB67}.Debug|Any CPU.Build.0 = Debug|Any CPU
		{F6770751-57A5-4736-B514-B80CAA4AFB67}.Release|Any CPU.ActiveCfg = Release|Any CPU
		{F6770751-57A5-4736-B514-B80CAA4AFB67}.Release|Any CPU.Build.0 = Release|Any CPU
		{457FCC15-CCED-41E3-921B-CD6B80093A90}.Debug|Any CPU.ActiveCfg = Debug|Any CPU
		{457FCC15-CCED-41E3-921B-CD6B80093A90}.Debug|Any CPU.Build.0 = Debug|Any CPU
		{457FCC15-CCED-41E3-921B-CD6B80093A90}.Release|Any CPU.ActiveCfg = Release|Any CPU
		{457FCC15-CCED-41E3-921B-CD6B80093A90}.Release|Any CPU.Build.0 = Release|Any CPU
	EndGlobalSection
	GlobalSection(SolutionProperties) = preSolution
		HideSolutionNode = FALSE
	EndGlobalSection
EndGlobal
